// !$*UTF8*$!
{
	archiveVersion = 1;
	classes = {
	};
	objectVersion = 48;
	objects = {

/* Begin PBXBuildFile section */
		4A01C5C8202614E500A11C5E /* AppDelegate.swift in Sources */ = {isa = PBXBuildFile; fileRef = 4A01C5C7202614E500A11C5E /* AppDelegate.swift */; };
		4A01C5CA202614E500A11C5E /* ToDoListViewController.swift in Sources */ = {isa = PBXBuildFile; fileRef = 4A01C5C9202614E500A11C5E /* ToDoListViewController.swift */; };
		4A01C5CD202614E500A11C5E /* Main.storyboard in Resources */ = {isa = PBXBuildFile; fileRef = 4A01C5CB202614E500A11C5E /* Main.storyboard */; };
		4A01C5CF202614E500A11C5E /* Assets.xcassets in Resources */ = {isa = PBXBuildFile; fileRef = 4A01C5CE202614E500A11C5E /* Assets.xcassets */; };
		4A01C5D2202614E500A11C5E /* LaunchScreen.storyboard in Resources */ = {isa = PBXBuildFile; fileRef = 4A01C5D0202614E500A11C5E /* LaunchScreen.storyboard */; };
		4A01C5DA20272F2600A11C5E /* item.swift in Sources */ = {isa = PBXBuildFile; fileRef = 4A01C5D920272F2600A11C5E /* item.swift */; };
/* End PBXBuildFile section */

/* Begin PBXFileReference section */
		4A01C5C4202614E500A11C5E /* Todoey.app */ = {isa = PBXFileReference; explicitFileType = wrapper.application; includeInIndex = 0; path = Todoey.app; sourceTree = BUILT_PRODUCTS_DIR; };
		4A01C5C7202614E500A11C5E /* AppDelegate.swift */ = {isa = PBXFileReference; lastKnownFileType = sourcecode.swift; path = AppDelegate.swift; sourceTree = "<group>"; };
		4A01C5C9202614E500A11C5E /* ToDoListViewController.swift */ = {isa = PBXFileReference; lastKnownFileType = sourcecode.swift; path = ToDoListViewController.swift; sourceTree = "<group>"; };
		4A01C5CC202614E500A11C5E /* Base */ = {isa = PBXFileReference; lastKnownFileType = file.storyboard; name = Base; path = Base.lproj/Main.storyboard; sourceTree = "<group>"; };
		4A01C5CE202614E500A11C5E /* Assets.xcassets */ = {isa = PBXFileReference; lastKnownFileType = folder.assetcatalog; path = Assets.xcassets; sourceTree = "<group>"; };
		4A01C5D1202614E500A11C5E /* Base */ = {isa = PBXFileReference; lastKnownFileType = file.storyboard; name = Base; path = Base.lproj/LaunchScreen.storyboard; sourceTree = "<group>"; };
		4A01C5D3202614E500A11C5E /* Info.plist */ = {isa = PBXFileReference; lastKnownFileType = text.plist.xml; path = Info.plist; sourceTree = "<group>"; };
		4A01C5D920272F2600A11C5E /* item.swift */ = {isa = PBXFileReference; lastKnownFileType = sourcecode.swift; path = item.swift; sourceTree = "<group>"; };
/* End PBXFileReference section */

/* Begin PBXFrameworksBuildPhase section */
		4A01C5C1202614E500A11C5E /* Frameworks */ = {
			isa = PBXFrameworksBuildPhase;
			buildActionMask = 2147483647;
			files = (
			);
			runOnlyForDeploymentPostprocessing = 0;
		};
/* End PBXFrameworksBuildPhase section */

/* Begin PBXGroup section */
		4A01C5BB202614E500A11C5E = {
			isa = PBXGroup;
			children = (
				4A01C5C6202614E500A11C5E /* Todoey */,
				4A01C5C5202614E500A11C5E /* Products */,
			);
			sourceTree = "<group>";
		};
		4A01C5C5202614E500A11C5E /* Products */ = {
			isa = PBXGroup;
			children = (
				4A01C5C4202614E500A11C5E /* Todoey.app */,
			);
			name = Products;
			sourceTree = "<group>";
		};
		4A01C5C6202614E500A11C5E /* Todoey */ = {
			isa = PBXGroup;
			children = (
				4A01C5C7202614E500A11C5E /* AppDelegate.swift */,
				4A01C5DC20272F9200A11C5E /* Controllers */,
				4A01C5DB20272F5B00A11C5E /* Data Model */,
				4A01C5DD20272FAF00A11C5E /* Views */,
				4A01C5DE20272FD400A11C5E /* Supporting Files */,
				4A01C5D3202614E500A11C5E /* Info.plist */,
			);
			path = Todoey;
			sourceTree = "<group>";
		};
		4A01C5DB20272F5B00A11C5E /* Data Model */ = {
			isa = PBXGroup;
			children = (
				4A01C5D920272F2600A11C5E /* item.swift */,
			);
			path = "Data Model";
			sourceTree = "<group>";
		};
		4A01C5DC20272F9200A11C5E /* Controllers */ = {
			isa = PBXGroup;
			children = (
				4A01C5C9202614E500A11C5E /* ToDoListViewController.swift */,
			);
			path = Controllers;
			sourceTree = "<group>";
		};
		4A01C5DD20272FAF00A11C5E /* Views */ = {
			isa = PBXGroup;
			children = (
				4A01C5CB202614E500A11C5E /* Main.storyboard */,
			);
			path = Views;
			sourceTree = "<group>";
		};
		4A01C5DE20272FD400A11C5E /* Supporting Files */ = {
			isa = PBXGroup;
			children = (
				4A01C5CE202614E500A11C5E /* Assets.xcassets */,
				4A01C5D0202614E500A11C5E /* LaunchScreen.storyboard */,
			);
			path = "Supporting Files";
			sourceTree = "<group>";
		};
/* End PBXGroup section */

/* Begin PBXNativeTarget section */
		4A01C5C3202614E500A11C5E /* Todoey */ = {
			isa = PBXNativeTarget;
			buildConfigurationList = 4A01C5D6202614E500A11C5E /* Build configuration list for PBXNativeTarget "Todoey" */;
			buildPhases = (
				4A01C5C0202614E500A11C5E /* Sources */,
				4A01C5C1202614E500A11C5E /* Frameworks */,
				4A01C5C2202614E500A11C5E /* Resources */,
			);
			buildRules = (
			);
			dependencies = (
			);
			name = Todoey;
			productName = Todoey;
			productReference = 4A01C5C4202614E500A11C5E /* Todoey.app */;
			productType = "com.apple.product-type.application";
		};
/* End PBXNativeTarget section */

/* Begin PBXProject section */
		4A01C5BC202614E500A11C5E /* Project object */ = {
			isa = PBXProject;
			attributes = {
				LastSwiftUpdateCheck = 0920;
				LastUpgradeCheck = 0920;
				ORGANIZATIONNAME = "William Becker";
				TargetAttributes = {
					4A01C5C3202614E500A11C5E = {
						CreatedOnToolsVersion = 9.2;
						ProvisioningStyle = Automatic;
					};
				};
			};
			buildConfigurationList = 4A01C5BF202614E500A11C5E /* Build configuration list for PBXProject "Todoey" */;
			compatibilityVersion = "Xcode 8.0";
			developmentRegion = en;
			hasScannedForEncodings = 0;
			knownRegions = (
				en,
				Base,
			);
			mainGroup = 4A01C5BB202614E500A11C5E;
			productRefGroup = 4A01C5C5202614E500A11C5E /* Products */;
			projectDirPath = "";
			projectRoot = "";
			targets = (
				4A01C5C3202614E500A11C5E /* Todoey */,
			);
		};
/* End PBXProject section */

/* Begin PBXResourcesBuildPhase section */
		4A01C5C2202614E500A11C5E /* Resources */ = {
			isa = PBXResourcesBuildPhase;
			buildActionMask = 2147483647;
			files = (
				4A01C5D2202614E500A11C5E /* LaunchScreen.storyboard in Resources */,
				4A01C5CF202614E500A11C5E /* Assets.xcassets in Resources */,
				4A01C5CD202614E500A11C5E /* Main.storyboard in Resources */,
			);
			runOnlyForDeploymentPostprocessing = 0;
		};
/* End PBXResourcesBuildPhase section */

/* Begin PBXSourcesBuildPhase section */
		4A01C5C0202614E500A11C5E /* Sources */ = {
			isa = PBXSourcesBuildPhase;
			buildActionMask = 2147483647;
			files = (
				4A01C5CA202614E500A11C5E /* ToDoListViewController.swift in Sources */,
				4A01C5DA20272F2600A11C5E /* item.swift in Sources */,
				4A01C5C8202614E500A11C5E /* AppDelegate.swift in Sources */,
			);
			runOnlyForDeploymentPostprocessing = 0;
		};
/* End PBXSourcesBuildPhase section */

/* Begin PBXVariantGroup section */
		4A01C5CB202614E500A11C5E /* Main.storyboard */ = {
			isa = PBXVariantGroup;
			children = (
				4A01C5CC202614E500A11C5E /* Base */,
			);
			name = Main.storyboard;
			sourceTree = "<group>";
		};
		4A01C5D0202614E500A11C5E /* LaunchScreen.storyboard */ = {
			isa = PBXVariantGroup;
			children = (
				4A01C5D1202614E500A11C5E /* Base */,
			);
			name = LaunchScreen.storyboard;
			sourceTree = "<group>";
		};
/* End PBXVariantGroup section */

/* Begin XCBuildConfiguration section */
		4A01C5D4202614E500A11C5E /* Debug */ = {
			isa = XCBuildConfiguration;
			buildSettings = {
				ALWAYS_SEARCH_USER_PATHS = NO;
				CLANG_ANALYZER_NONNULL = YES;
				CLANG_ANALYZER_NUMBER_OBJECT_CONVERSION = YES_AGGRESSIVE;
				CLANG_CXX_LANGUAGE_STANDARD = "gnu++14";
				CLANG_CXX_LIBRARY = "libc++";
				CLANG_ENABLE_MODULES = YES;
				CLANG_ENABLE_OBJC_ARC = YES;
				CLANG_WARN_BLOCK_CAPTURE_AUTORELEASING = YES;
				CLANG_WARN_BOOL_CONVERSION = YES;
				CLANG_WARN_COMMA = YES;
				CLANG_WARN_CONSTANT_CONVERSION = YES;
				CLANG_WARN_DIRECT_OBJC_ISA_USAGE = YES_ERROR;
				CLANG_WARN_DOCUMENTATION_COMMENTS = YES;
				CLANG_WARN_EMPTY_BODY = YES;
				CLANG_WARN_ENUM_CONVERSION = YES;
				CLANG_WARN_INFINITE_RECURSION = YES;
				CLANG_WARN_INT_CONVERSION = YES;
				CLANG_WARN_NON_LITERAL_NULL_CONVERSION = YES;
				CLANG_WARN_OBJC_LITERAL_CONVERSION = YES;
				CLANG_WARN_OBJC_ROOT_CLASS = YES_ERROR;
				CLANG_WARN_RANGE_LOOP_ANALYSIS = YES;
				CLANG_WARN_STRICT_PROTOTYPES = YES;
				CLANG_WARN_SUSPICIOUS_MOVE = YES;
				CLANG_WARN_UNGUARDED_AVAILABILITY = YES_AGGRESSIVE;
				CLANG_WARN_UNREACHABLE_CODE = YES;
				CLANG_WARN__DUPLICATE_METHOD_MATCH = YES;
				CODE_SIGN_IDENTITY = "iPhone Developer";
				COPY_PHASE_STRIP = NO;
				DEBUG_INFORMATION_FORMAT = dwarf;
				ENABLE_STRICT_OBJC_MSGSEND = YES;
				ENABLE_TESTABILITY = YES;
				GCC_C_LANGUAGE_STANDARD = gnu11;
				GCC_DYNAMIC_NO_PIC = NO;
				GCC_NO_COMMON_BLOCKS = YES;
				GCC_OPTIMIZATION_LEVEL = 0;
				GCC_PREPROCESSOR_DEFINITIONS = (
					"DEBUG=1",
					"$(inherited)",
				);
				GCC_WARN_64_TO_32_BIT_CONVERSION = YES;
				GCC_WARN_ABOUT_RETURN_TYPE = YES_ERROR;
				GCC_WARN_UNDECLARED_SELECTOR = YES;
				GCC_WARN_UNINITIALIZED_AUTOS = YES_AGGRESSIVE;
				GCC_WARN_UNUSED_FUNCTION = YES;
				GCC_WARN_UNUSED_VARIABLE = YES;
				IPHONEOS_DEPLOYMENT_TARGET = 11.2;
				MTL_ENABLE_DEBUG_INFO = YES;
				ONLY_ACTIVE_ARCH = YES;
				SDKROOT = iphoneos;
				SWIFT_ACTIVE_COMPILATION_CONDITIONS = DEBUG;
				SWIFT_OPTIMIZATION_LEVEL = "-Onone";
			};
			name = Debug;
		};
		4A01C5D5202614E500A11C5E /* Release */ = {
			isa = XCBuildConfiguration;
			buildSettings = {
				ALWAYS_SEARCH_USER_PATHS = NO;
				CLANG_ANALYZER_NONNULL = YES;
				CLANG_ANALYZER_NUMBER_OBJECT_CONVERSION = YES_AGGRESSIVE;
				CLANG_CXX_LANGUAGE_STANDARD = "gnu++14";
				CLANG_CXX_LIBRARY = "libc++";
				CLANG_ENABLE_MODULES = YES;
				CLANG_ENABLE_OBJC_ARC = YES;
				CLANG_WARN_BLOCK_CAPTURE_AUTORELEASING = YES;
				CLANG_WARN_BOOL_CONVERSION = YES;
				CLANG_WARN_COMMA = YES;
				CLANG_WARN_CONSTANT_CONVERSION = YES;
				CLANG_WARN_DIRECT_OBJC_ISA_USAGE = YES_ERROR;
				CLANG_WARN_DOCUMENTATION_COMMENTS = YES;
				CLANG_WARN_EMPTY_BODY = YES;
				CLANG_WARN_ENUM_CONVERSION = YES;
				CLANG_WARN_INFINITE_RECURSION = YES;
				CLANG_WARN_INT_CONVERSION = YES;
				CLANG_WARN_NON_LITERAL_NULL_CONVERSION = YES;
				CLANG_WARN_OBJC_LITERAL_CONVERSION = YES;
				CLANG_WARN_OBJC_ROOT_CLASS = YES_ERROR;
				CLANG_WARN_RANGE_LOOP_ANALYSIS = YES;
				CLANG_WARN_STRICT_PROTOTYPES = YES;
				CLANG_WARN_SUSPICIOUS_MOVE = YES;
				CLANG_WARN_UNGUARDED_AVAILABILITY = YES_AGGRESSIVE;
				CLANG_WARN_UNREACHABLE_CODE = YES;
				CLANG_WARN__DUPLICATE_METHOD_MATCH = YES;
				CODE_SIGN_IDENTITY = "iPhone Developer";
				COPY_PHASE_STRIP = NO;
				DEBUG_INFORMATION_FORMAT = "dwarf-with-dsym";
				ENABLE_NS_ASSERTIONS = NO;
				ENABLE_STRICT_OBJC_MSGSEND = YES;
				GCC_C_LANGUAGE_STANDARD = gnu11;
				GCC_NO_COMMON_BLOCKS = YES;
				GCC_WARN_64_TO_32_BIT_CONVERSION = YES;
				GCC_WARN_ABOUT_RETURN_TYPE = YES_ERROR;
				GCC_WARN_UNDECLARED_SELECTOR = YES;
				GCC_WARN_UNINITIALIZED_AUTOS = YES_AGGRESSIVE;
				GCC_WARN_UNUSED_FUNCTION = YES;
				GCC_WARN_UNUSED_VARIABLE = YES;
				IPHONEOS_DEPLOYMENT_TARGET = 11.2;
				MTL_ENABLE_DEBUG_INFO = NO;
				SDKROOT = iphoneos;
				SWIFT_OPTIMIZATION_LEVEL = "-Owholemodule";
				VALIDATE_PRODUCT = YES;
			};
			name = Release;
		};
		4A01C5D7202614E500A11C5E /* Debug */ = {
			isa = XCBuildConfiguration;
			buildSettings = {
				ASSETCATALOG_COMPILER_APPICON_NAME = AppIcon;
				CODE_SIGN_STYLE = Automatic;
				DEVELOPMENT_TEAM = NGY8ZEZRQ9;
				INFOPLIST_FILE = Todoey/Info.plist;
				LD_RUNPATH_SEARCH_PATHS = "$(inherited) @executable_path/Frameworks";
				PRODUCT_BUNDLE_IDENTIFIER = com.AltaVista.Todoey;
				PRODUCT_NAME = "$(TARGET_NAME)";
				SWIFT_VERSION = 4.0;
				TARGETED_DEVICE_FAMILY = "1,2";
			};
			name = Debug;
		};
		4A01C5D8202614E500A11C5E /* Release */ = {
			isa = XCBuildConfiguration;
			buildSettings = {
				ASSETCATALOG_COMPILER_APPICON_NAME = AppIcon;
				CODE_SIGN_STYLE = Automatic;
				DEVELOPMENT_TEAM = NGY8ZEZRQ9;
				INFOPLIST_FILE = Todoey/Info.plist;
				LD_RUNPATH_SEARCH_PATHS = "$(inherited) @executable_path/Frameworks";
				PRODUCT_BUNDLE_IDENTIFIER = com.AltaVista.Todoey;
				PRODUCT_NAME = "$(TARGET_NAME)";
				SWIFT_VERSION = 4.0;
				TARGETED_DEVICE_FAMILY = "1,2";
			};
			name = Release;
		};
/* End XCBuildConfiguration section */

/* Begin XCConfigurationList section */
		4A01C5BF202614E500A11C5E /* Build configuration list for PBXProject "Todoey" */ = {
			isa = XCConfigurationList;
			buildConfigurations = (
				4A01C5D4202614E500A11C5E /* Debug */,
				4A01C5D5202614E500A11C5E /* Release */,
			);
			defaultConfigurationIsVisible = 0;
			defaultConfigurationName = Release;
		};
		4A01C5D6202614E500A11C5E /* Build configuration list for PBXNativeTarget "Todoey" */ = {
			isa = XCConfigurationList;
			buildConfigurations = (
				4A01C5D7202614E500A11C5E /* Debug */,
				4A01C5D8202614E500A11C5E /* Release */,
			);
			defaultConfigurationIsVisible = 0;
			defaultConfigurationName = Release;
		};
/* End XCConfigurationList section */
	};
	rootObject = 4A01C5BC202614E500A11C5E /* Project object */;
}
